// !$*UTF8*$!
{
	archiveVersion = 1;
	classes = {
	};
	objectVersion = 50;
	objects = {

/* Begin PBXBuildFile section */
		4C5139002547CA5A0084F65F /* LabelViewController.swift in Sources */ = {isa = PBXBuildFile; fileRef = 4C5138FF2547CA5A0084F65F /* LabelViewController.swift */; };
		4C5139122548047A0084F65F /* AddAlertViewController.swift in Sources */ = {isa = PBXBuildFile; fileRef = 4C5139112548047A0084F65F /* AddAlertViewController.swift */; };
		4C513919254840570084F65F /* UIView+IBInspectable.swift in Sources */ = {isa = PBXBuildFile; fileRef = 4C513918254840570084F65F /* UIView+IBInspectable.swift */; };
		4C51391D254847530084F65F /* BlockResponderView.swift in Sources */ = {isa = PBXBuildFile; fileRef = 4C51391C254847530084F65F /* BlockResponderView.swift */; };
		4C513980254934760084F65F /* NetworkService.h in Headers */ = {isa = PBXBuildFile; fileRef = 4C51397E254934760084F65F /* NetworkService.h */; settings = {ATTRIBUTES = (Public, ); }; };
		4C513983254934760084F65F /* NetworkService.framework in Frameworks */ = {isa = PBXBuildFile; fileRef = 4C51397C254934760084F65F /* NetworkService.framework */; };
		4C513984254934760084F65F /* NetworkService.framework in Embed Frameworks */ = {isa = PBXBuildFile; fileRef = 4C51397C254934760084F65F /* NetworkService.framework */; settings = {ATTRIBUTES = (CodeSignOnCopy, RemoveHeadersOnCopy, ); }; };
		4C5139932549348B0084F65F /* URLParametrEncoder.swift in Sources */ = {isa = PBXBuildFile; fileRef = 4C51398B2549348B0084F65F /* URLParametrEncoder.swift */; };
		4C5139942549348B0084F65F /* ParameterEncoding.swift in Sources */ = {isa = PBXBuildFile; fileRef = 4C51398C2549348B0084F65F /* ParameterEncoding.swift */; };
		4C5139952549348B0084F65F /* JSONParameterEncoder.swift in Sources */ = {isa = PBXBuildFile; fileRef = 4C51398D2549348B0084F65F /* JSONParameterEncoder.swift */; };
		4C5139962549348B0084F65F /* HTTPTask.swift in Sources */ = {isa = PBXBuildFile; fileRef = 4C51398F2549348B0084F65F /* HTTPTask.swift */; };
		4C5139972549348B0084F65F /* NetworkManager.swift in Sources */ = {isa = PBXBuildFile; fileRef = 4C5139902549348B0084F65F /* NetworkManager.swift */; };
		4C5139982549348B0084F65F /* HTTPMethod.swift in Sources */ = {isa = PBXBuildFile; fileRef = 4C5139912549348B0084F65F /* HTTPMethod.swift */; };
		4C5139992549348B0084F65F /* EndPointType.swift in Sources */ = {isa = PBXBuildFile; fileRef = 4C5139922549348B0084F65F /* EndPointType.swift */; };
		4C5139A1254934D20084F65F /* MilestoneEndPoint.swift in Sources */ = {isa = PBXBuildFile; fileRef = 4C51399E254934D20084F65F /* MilestoneEndPoint.swift */; };
		4C5139A2254934D20084F65F /* LabelEndPoint.swift in Sources */ = {isa = PBXBuildFile; fileRef = 4C51399F254934D20084F65F /* LabelEndPoint.swift */; };
		4C5139A3254934D20084F65F /* APIManager.swift in Sources */ = {isa = PBXBuildFile; fileRef = 4C5139A0254934D20084F65F /* APIManager.swift */; };
		4C5139A625493BB20084F65F /* Label.swift in Sources */ = {isa = PBXBuildFile; fileRef = 4C5139A525493BB20084F65F /* Label.swift */; };
		4C5139AA25494E7E0084F65F /* LabelInteractor.swift in Sources */ = {isa = PBXBuildFile; fileRef = 4C5139A925494E7E0084F65F /* LabelInteractor.swift */; };
		4CBA2190254FEB70002BDCC3 /* Request.swift in Sources */ = {isa = PBXBuildFile; fileRef = 4CBA218C254FEB70002BDCC3 /* Request.swift */; };
		4CBA2191254FEB70002BDCC3 /* DataRequest.swift in Sources */ = {isa = PBXBuildFile; fileRef = 4CBA218D254FEB70002BDCC3 /* DataRequest.swift */; };
		4CBA2192254FEB70002BDCC3 /* DownloadRequest.swift in Sources */ = {isa = PBXBuildFile; fileRef = 4CBA218E254FEB70002BDCC3 /* DownloadRequest.swift */; };
		4CBA2198254FF0F8002BDCC3 /* MilestoneInteractor.swift in Sources */ = {isa = PBXBuildFile; fileRef = 4CBA2197254FF0F8002BDCC3 /* MilestoneInteractor.swift */; };
		D40B30E225500FD400DEC3AA /* IssueInteractor.swift in Sources */ = {isa = PBXBuildFile; fileRef = D40B30E125500FD400DEC3AA /* IssueInteractor.swift */; };
		D40B30E62550100800DEC3AA /* IssueEndPoint.swift in Sources */ = {isa = PBXBuildFile; fileRef = D40B30E52550100800DEC3AA /* IssueEndPoint.swift */; };
		D40B30FA255049F200DEC3AA /* IssueBottomSheetViewController.swift in Sources */ = {isa = PBXBuildFile; fileRef = D40B30F9255049F200DEC3AA /* IssueBottomSheetViewController.swift */; };
		D42EC1912549180A00E57627 /* MilestoneViewController.swift in Sources */ = {isa = PBXBuildFile; fileRef = D42EC1902549180A00E57627 /* MilestoneViewController.swift */; };
		D42EC1942549306500E57627 /* MilestoneCollectionViewCell.swift in Sources */ = {isa = PBXBuildFile; fileRef = D42EC1932549306500E57627 /* MilestoneCollectionViewCell.swift */; };
		D42EC19D2549CEA600E57627 /* AddAlertColorInputView.swift in Sources */ = {isa = PBXBuildFile; fileRef = D42EC19C2549CEA600E57627 /* AddAlertColorInputView.swift */; };
		D44A9D09254FF1EC00ABA1A9 /* Issue.swift in Sources */ = {isa = PBXBuildFile; fileRef = D44A9D08254FF1EC00ABA1A9 /* Issue.swift */; };
		D45459F0254B2B360094E69D /* IssueTrackerTests.swift in Sources */ = {isa = PBXBuildFile; fileRef = D45459DC254B2AA50094E69D /* IssueTrackerTests.swift */; };
		D4660EA625487BE0002B392E /* LabelCollectionViewCell.swift in Sources */ = {isa = PBXBuildFile; fileRef = D4660EA525487BE0002B392E /* LabelCollectionViewCell.swift */; };
		D476EB04254B28AC00CB4C09 /* String+dateRegEx.swift in Sources */ = {isa = PBXBuildFile; fileRef = D476EB03254B28AC00CB4C09 /* String+dateRegEx.swift */; };
		D476EB0B254B298E00CB4C09 /* DataRequest.swift in Sources */ = {isa = PBXBuildFile; fileRef = D476EB07254B298D00CB4C09 /* DataRequest.swift */; };
		D476EB0C254B298E00CB4C09 /* Request.swift in Sources */ = {isa = PBXBuildFile; fileRef = D476EB08254B298D00CB4C09 /* Request.swift */; };
		D476EB0D254B298E00CB4C09 /* SessionManager.swift in Sources */ = {isa = PBXBuildFile; fileRef = D476EB09254B298D00CB4C09 /* SessionManager.swift */; };
		D476EB0E254B298E00CB4C09 /* DownloadRequest.swift in Sources */ = {isa = PBXBuildFile; fileRef = D476EB0A254B298D00CB4C09 /* DownloadRequest.swift */; };
		D4A060A82548877600FAF62B /* UIColor+hexString+random.swift in Sources */ = {isa = PBXBuildFile; fileRef = D4A060A72548877600FAF62B /* UIColor+hexString+random.swift */; };
		D4DF60212547AEF200765C0A /* AppDelegate.swift in Sources */ = {isa = PBXBuildFile; fileRef = D4DF60202547AEF200765C0A /* AppDelegate.swift */; };
		D4DF60232547AEF200765C0A /* SceneDelegate.swift in Sources */ = {isa = PBXBuildFile; fileRef = D4DF60222547AEF200765C0A /* SceneDelegate.swift */; };
		D4DF60252547AEF200765C0A /* IssueViewController.swift in Sources */ = {isa = PBXBuildFile; fileRef = D4DF60242547AEF200765C0A /* IssueViewController.swift */; };
		D4DF60282547AEF200765C0A /* Main.storyboard in Resources */ = {isa = PBXBuildFile; fileRef = D4DF60262547AEF200765C0A /* Main.storyboard */; };
		D4DF602A2547AEF300765C0A /* Assets.xcassets in Resources */ = {isa = PBXBuildFile; fileRef = D4DF60292547AEF300765C0A /* Assets.xcassets */; };
		D4DF602D2547AEF300765C0A /* LaunchScreen.storyboard in Resources */ = {isa = PBXBuildFile; fileRef = D4DF602B2547AEF300765C0A /* LaunchScreen.storyboard */; };
		D4DF604D254800C100765C0A /* AddAlertInputView.swift in Sources */ = {isa = PBXBuildFile; fileRef = D4DF604C254800C100765C0A /* AddAlertInputView.swift */; };
		D4EA0AA0254A9AEC0000CF67 /* AddAlertDateInputView.swift in Sources */ = {isa = PBXBuildFile; fileRef = D4EA0A9F254A9AEC0000CF67 /* AddAlertDateInputView.swift */; };
		D4EA0AA6254AB93C0000CF67 /* Milestone.swift in Sources */ = {isa = PBXBuildFile; fileRef = D4EA0AA5254AB93C0000CF67 /* Milestone.swift */; };
/* End PBXBuildFile section */

/* Begin PBXContainerItemProxy section */
		4C513981254934760084F65F /* PBXContainerItemProxy */ = {
			isa = PBXContainerItemProxy;
			containerPortal = D4DF60152547AEF200765C0A /* Project object */;
			proxyType = 1;
			remoteGlobalIDString = 4C51397B254934760084F65F;
			remoteInfo = NetworkService;
		};
		D45459DF254B2AA50094E69D /* PBXContainerItemProxy */ = {
			isa = PBXContainerItemProxy;
			containerPortal = D4DF60152547AEF200765C0A /* Project object */;
			proxyType = 1;
			remoteGlobalIDString = D4DF601C2547AEF200765C0A;
			remoteInfo = IssueTracker;
		};
/* End PBXContainerItemProxy section */

/* Begin PBXCopyFilesBuildPhase section */
		4C513985254934760084F65F /* Embed Frameworks */ = {
			isa = PBXCopyFilesBuildPhase;
			buildActionMask = 2147483647;
			dstPath = "";
			dstSubfolderSpec = 10;
			files = (
				4C513984254934760084F65F /* NetworkService.framework in Embed Frameworks */,
			);
			name = "Embed Frameworks";
			runOnlyForDeploymentPostprocessing = 0;
		};
/* End PBXCopyFilesBuildPhase section */

/* Begin PBXFileReference section */
		4C5138FF2547CA5A0084F65F /* LabelViewController.swift */ = {isa = PBXFileReference; lastKnownFileType = sourcecode.swift; path = LabelViewController.swift; sourceTree = "<group>"; };
		4C5139112548047A0084F65F /* AddAlertViewController.swift */ = {isa = PBXFileReference; lastKnownFileType = sourcecode.swift; path = AddAlertViewController.swift; sourceTree = "<group>"; };
		4C513918254840570084F65F /* UIView+IBInspectable.swift */ = {isa = PBXFileReference; lastKnownFileType = sourcecode.swift; path = "UIView+IBInspectable.swift"; sourceTree = "<group>"; };
		4C51391C254847530084F65F /* BlockResponderView.swift */ = {isa = PBXFileReference; lastKnownFileType = sourcecode.swift; path = BlockResponderView.swift; sourceTree = "<group>"; };
		4C51397C254934760084F65F /* NetworkService.framework */ = {isa = PBXFileReference; explicitFileType = wrapper.framework; includeInIndex = 0; path = NetworkService.framework; sourceTree = BUILT_PRODUCTS_DIR; };
		4C51397E254934760084F65F /* NetworkService.h */ = {isa = PBXFileReference; lastKnownFileType = sourcecode.c.h; path = NetworkService.h; sourceTree = "<group>"; };
		4C51397F254934760084F65F /* Info.plist */ = {isa = PBXFileReference; lastKnownFileType = text.plist.xml; path = Info.plist; sourceTree = "<group>"; };
		4C51398B2549348B0084F65F /* URLParametrEncoder.swift */ = {isa = PBXFileReference; fileEncoding = 4; lastKnownFileType = sourcecode.swift; path = URLParametrEncoder.swift; sourceTree = "<group>"; };
		4C51398C2549348B0084F65F /* ParameterEncoding.swift */ = {isa = PBXFileReference; fileEncoding = 4; lastKnownFileType = sourcecode.swift; path = ParameterEncoding.swift; sourceTree = "<group>"; };
		4C51398D2549348B0084F65F /* JSONParameterEncoder.swift */ = {isa = PBXFileReference; fileEncoding = 4; lastKnownFileType = sourcecode.swift; path = JSONParameterEncoder.swift; sourceTree = "<group>"; };
		4C51398F2549348B0084F65F /* HTTPTask.swift */ = {isa = PBXFileReference; fileEncoding = 4; lastKnownFileType = sourcecode.swift; path = HTTPTask.swift; sourceTree = "<group>"; };
		4C5139902549348B0084F65F /* NetworkManager.swift */ = {isa = PBXFileReference; fileEncoding = 4; lastKnownFileType = sourcecode.swift; path = NetworkManager.swift; sourceTree = "<group>"; };
		4C5139912549348B0084F65F /* HTTPMethod.swift */ = {isa = PBXFileReference; fileEncoding = 4; lastKnownFileType = sourcecode.swift; path = HTTPMethod.swift; sourceTree = "<group>"; };
		4C5139922549348B0084F65F /* EndPointType.swift */ = {isa = PBXFileReference; fileEncoding = 4; lastKnownFileType = sourcecode.swift; path = EndPointType.swift; sourceTree = "<group>"; };
		4C51399E254934D20084F65F /* MilestoneEndPoint.swift */ = {isa = PBXFileReference; fileEncoding = 4; lastKnownFileType = sourcecode.swift; path = MilestoneEndPoint.swift; sourceTree = "<group>"; };
		4C51399F254934D20084F65F /* LabelEndPoint.swift */ = {isa = PBXFileReference; fileEncoding = 4; lastKnownFileType = sourcecode.swift; path = LabelEndPoint.swift; sourceTree = "<group>"; };
		4C5139A0254934D20084F65F /* APIManager.swift */ = {isa = PBXFileReference; fileEncoding = 4; lastKnownFileType = sourcecode.swift; path = APIManager.swift; sourceTree = "<group>"; };
		4C5139A525493BB20084F65F /* Label.swift */ = {isa = PBXFileReference; lastKnownFileType = sourcecode.swift; name = Label.swift; path = IssueTracker/Services/Label.swift; sourceTree = SOURCE_ROOT; };
		4C5139A925494E7E0084F65F /* LabelInteractor.swift */ = {isa = PBXFileReference; lastKnownFileType = sourcecode.swift; path = LabelInteractor.swift; sourceTree = "<group>"; };
		4CBA218C254FEB70002BDCC3 /* Request.swift */ = {isa = PBXFileReference; fileEncoding = 4; lastKnownFileType = sourcecode.swift; path = Request.swift; sourceTree = "<group>"; };
		4CBA218D254FEB70002BDCC3 /* DataRequest.swift */ = {isa = PBXFileReference; fileEncoding = 4; lastKnownFileType = sourcecode.swift; path = DataRequest.swift; sourceTree = "<group>"; };
		4CBA218E254FEB70002BDCC3 /* DownloadRequest.swift */ = {isa = PBXFileReference; fileEncoding = 4; lastKnownFileType = sourcecode.swift; path = DownloadRequest.swift; sourceTree = "<group>"; };
		4CBA218F254FEB70002BDCC3 /* SessionManager.swift */ = {isa = PBXFileReference; fileEncoding = 4; lastKnownFileType = sourcecode.swift; path = SessionManager.swift; sourceTree = "<group>"; };
		4CBA2197254FF0F8002BDCC3 /* MilestoneInteractor.swift */ = {isa = PBXFileReference; lastKnownFileType = sourcecode.swift; path = MilestoneInteractor.swift; sourceTree = "<group>"; };
		D40B30E125500FD400DEC3AA /* IssueInteractor.swift */ = {isa = PBXFileReference; lastKnownFileType = sourcecode.swift; path = IssueInteractor.swift; sourceTree = "<group>"; };
		D40B30E52550100800DEC3AA /* IssueEndPoint.swift */ = {isa = PBXFileReference; lastKnownFileType = sourcecode.swift; path = IssueEndPoint.swift; sourceTree = "<group>"; };
		D40B30F9255049F200DEC3AA /* IssueBottomSheetViewController.swift */ = {isa = PBXFileReference; lastKnownFileType = sourcecode.swift; path = IssueBottomSheetViewController.swift; sourceTree = "<group>"; };
		D42EC1902549180A00E57627 /* MilestoneViewController.swift */ = {isa = PBXFileReference; lastKnownFileType = sourcecode.swift; path = MilestoneViewController.swift; sourceTree = "<group>"; };
		D42EC1932549306500E57627 /* MilestoneCollectionViewCell.swift */ = {isa = PBXFileReference; lastKnownFileType = sourcecode.swift; path = MilestoneCollectionViewCell.swift; sourceTree = "<group>"; };
		D42EC19C2549CEA600E57627 /* AddAlertColorInputView.swift */ = {isa = PBXFileReference; lastKnownFileType = sourcecode.swift; path = AddAlertColorInputView.swift; sourceTree = "<group>"; };
		D44A9D08254FF1EC00ABA1A9 /* Issue.swift */ = {isa = PBXFileReference; lastKnownFileType = sourcecode.swift; path = Issue.swift; sourceTree = "<group>"; };
		D45459DA254B2AA50094E69D /* IssueTrackerTests.xctest */ = {isa = PBXFileReference; explicitFileType = wrapper.cfbundle; includeInIndex = 0; path = IssueTrackerTests.xctest; sourceTree = BUILT_PRODUCTS_DIR; };
		D45459DC254B2AA50094E69D /* IssueTrackerTests.swift */ = {isa = PBXFileReference; lastKnownFileType = sourcecode.swift; path = IssueTrackerTests.swift; sourceTree = "<group>"; };
		D45459DE254B2AA50094E69D /* Info.plist */ = {isa = PBXFileReference; lastKnownFileType = text.plist.xml; path = Info.plist; sourceTree = "<group>"; };
		D4660EA525487BE0002B392E /* LabelCollectionViewCell.swift */ = {isa = PBXFileReference; lastKnownFileType = sourcecode.swift; path = LabelCollectionViewCell.swift; sourceTree = "<group>"; };
		D476EB03254B28AC00CB4C09 /* String+dateRegEx.swift */ = {isa = PBXFileReference; lastKnownFileType = sourcecode.swift; path = "String+dateRegEx.swift"; sourceTree = "<group>"; };
		D476EB07254B298D00CB4C09 /* DataRequest.swift */ = {isa = PBXFileReference; fileEncoding = 4; lastKnownFileType = sourcecode.swift; path = DataRequest.swift; sourceTree = "<group>"; };
		D476EB08254B298D00CB4C09 /* Request.swift */ = {isa = PBXFileReference; fileEncoding = 4; lastKnownFileType = sourcecode.swift; path = Request.swift; sourceTree = "<group>"; };
		D476EB09254B298D00CB4C09 /* SessionManager.swift */ = {isa = PBXFileReference; fileEncoding = 4; lastKnownFileType = sourcecode.swift; path = SessionManager.swift; sourceTree = "<group>"; };
		D476EB0A254B298D00CB4C09 /* DownloadRequest.swift */ = {isa = PBXFileReference; fileEncoding = 4; lastKnownFileType = sourcecode.swift; path = DownloadRequest.swift; sourceTree = "<group>"; };
		D4A060A72548877600FAF62B /* UIColor+hexString+random.swift */ = {isa = PBXFileReference; lastKnownFileType = sourcecode.swift; path = "UIColor+hexString+random.swift"; sourceTree = "<group>"; };
		D4DF601D2547AEF200765C0A /* IssueTracker.app */ = {isa = PBXFileReference; explicitFileType = wrapper.application; includeInIndex = 0; path = IssueTracker.app; sourceTree = BUILT_PRODUCTS_DIR; };
		D4DF60202547AEF200765C0A /* AppDelegate.swift */ = {isa = PBXFileReference; lastKnownFileType = sourcecode.swift; path = AppDelegate.swift; sourceTree = "<group>"; };
		D4DF60222547AEF200765C0A /* SceneDelegate.swift */ = {isa = PBXFileReference; lastKnownFileType = sourcecode.swift; path = SceneDelegate.swift; sourceTree = "<group>"; };
		D4DF60242547AEF200765C0A /* IssueViewController.swift */ = {isa = PBXFileReference; lastKnownFileType = sourcecode.swift; path = IssueViewController.swift; sourceTree = "<group>"; };
		D4DF60272547AEF200765C0A /* Base */ = {isa = PBXFileReference; lastKnownFileType = file.storyboard; name = Base; path = Base.lproj/Main.storyboard; sourceTree = "<group>"; };
		D4DF60292547AEF300765C0A /* Assets.xcassets */ = {isa = PBXFileReference; lastKnownFileType = folder.assetcatalog; path = Assets.xcassets; sourceTree = "<group>"; };
		D4DF602C2547AEF300765C0A /* Base */ = {isa = PBXFileReference; lastKnownFileType = file.storyboard; name = Base; path = Base.lproj/LaunchScreen.storyboard; sourceTree = "<group>"; };
		D4DF602E2547AEF300765C0A /* Info.plist */ = {isa = PBXFileReference; lastKnownFileType = text.plist.xml; path = Info.plist; sourceTree = "<group>"; };
		D4DF604C254800C100765C0A /* AddAlertInputView.swift */ = {isa = PBXFileReference; lastKnownFileType = sourcecode.swift; path = AddAlertInputView.swift; sourceTree = "<group>"; };
		D4EA0A9F254A9AEC0000CF67 /* AddAlertDateInputView.swift */ = {isa = PBXFileReference; lastKnownFileType = sourcecode.swift; path = AddAlertDateInputView.swift; sourceTree = "<group>"; };
		D4EA0AA5254AB93C0000CF67 /* Milestone.swift */ = {isa = PBXFileReference; lastKnownFileType = sourcecode.swift; path = Milestone.swift; sourceTree = "<group>"; };
/* End PBXFileReference section */

/* Begin PBXFrameworksBuildPhase section */
		4C513979254934760084F65F /* Frameworks */ = {
			isa = PBXFrameworksBuildPhase;
			buildActionMask = 2147483647;
			files = (
			);
			runOnlyForDeploymentPostprocessing = 0;
		};
		D45459D7254B2AA50094E69D /* Frameworks */ = {
			isa = PBXFrameworksBuildPhase;
			buildActionMask = 2147483647;
			files = (
			);
			runOnlyForDeploymentPostprocessing = 0;
		};
		D4DF601A2547AEF200765C0A /* Frameworks */ = {
			isa = PBXFrameworksBuildPhase;
			buildActionMask = 2147483647;
			files = (
				4C513983254934760084F65F /* NetworkService.framework in Frameworks */,
			);
			runOnlyForDeploymentPostprocessing = 0;
		};
/* End PBXFrameworksBuildPhase section */

/* Begin PBXGroup section */
		4C513917254840480084F65F /* Utils */ = {
			isa = PBXGroup;
			children = (
				4C513918254840570084F65F /* UIView+IBInspectable.swift */,
				D4A060A72548877600FAF62B /* UIColor+hexString+random.swift */,
				D476EB03254B28AC00CB4C09 /* String+dateRegEx.swift */,
			);
			path = Utils;
			sourceTree = "<group>";
		};
		4C51397D254934760084F65F /* NetworkService */ = {
			isa = PBXGroup;
			children = (
				4C51398A2549348B0084F65F /* Encoding */,
				4C51398E2549348B0084F65F /* Service */,
				4C51397E254934760084F65F /* NetworkService.h */,
				4C51397F254934760084F65F /* Info.plist */,
			);
			path = NetworkService;
			sourceTree = "<group>";
		};
		4C51398A2549348B0084F65F /* Encoding */ = {
			isa = PBXGroup;
			children = (
				4C51398B2549348B0084F65F /* URLParametrEncoder.swift */,
				4C51398C2549348B0084F65F /* ParameterEncoding.swift */,
				4C51398D2549348B0084F65F /* JSONParameterEncoder.swift */,
			);
			path = Encoding;
			sourceTree = "<group>";
		};
		4C51398E2549348B0084F65F /* Service */ = {
			isa = PBXGroup;
			children = (
				4CBA218D254FEB70002BDCC3 /* DataRequest.swift */,
				4CBA218E254FEB70002BDCC3 /* DownloadRequest.swift */,
				4CBA218C254FEB70002BDCC3 /* Request.swift */,
				4CBA218F254FEB70002BDCC3 /* SessionManager.swift */,
				4C51398F2549348B0084F65F /* HTTPTask.swift */,
				D476EB07254B298D00CB4C09 /* DataRequest.swift */,
				D476EB0A254B298D00CB4C09 /* DownloadRequest.swift */,
				D476EB08254B298D00CB4C09 /* Request.swift */,
				D476EB09254B298D00CB4C09 /* SessionManager.swift */,
				4C5139902549348B0084F65F /* NetworkManager.swift */,
				4C5139912549348B0084F65F /* HTTPMethod.swift */,
				4C5139922549348B0084F65F /* EndPointType.swift */,
			);
			path = Service;
			sourceTree = "<group>";
		};
		4C51399C254934D20084F65F /* Services */ = {
			isa = PBXGroup;
			children = (
				4C51399D254934D20084F65F /* EndPoints */,
				4C5139A0254934D20084F65F /* APIManager.swift */,
			);
			path = Services;
			sourceTree = "<group>";
		};
		4C51399D254934D20084F65F /* EndPoints */ = {
			isa = PBXGroup;
			children = (
				4C51399F254934D20084F65F /* LabelEndPoint.swift */,
				4C51399E254934D20084F65F /* MilestoneEndPoint.swift */,
				D40B30E52550100800DEC3AA /* IssueEndPoint.swift */,
			);
			path = EndPoints;
			sourceTree = "<group>";
		};
		4C5139A825494E700084F65F /* Usecase */ = {
			isa = PBXGroup;
			children = (
				4C5139A925494E7E0084F65F /* LabelInteractor.swift */,
				4CBA2197254FF0F8002BDCC3 /* MilestoneInteractor.swift */,
				D40B30E125500FD400DEC3AA /* IssueInteractor.swift */,
			);
			path = Usecase;
			sourceTree = "<group>";
		};
		D45459DB254B2AA50094E69D /* IssueTrackerTests */ = {
			isa = PBXGroup;
			children = (
				D45459DC254B2AA50094E69D /* IssueTrackerTests.swift */,
				D45459DE254B2AA50094E69D /* Info.plist */,
			);
			path = IssueTrackerTests;
			sourceTree = "<group>";
		};
		D4DF60142547AEF200765C0A = {
			isa = PBXGroup;
			children = (
				D4DF601F2547AEF200765C0A /* IssueTracker */,
				4C51397D254934760084F65F /* NetworkService */,
				D45459DB254B2AA50094E69D /* IssueTrackerTests */,
				D4DF601E2547AEF200765C0A /* Products */,
			);
			sourceTree = "<group>";
		};
		D4DF601E2547AEF200765C0A /* Products */ = {
			isa = PBXGroup;
			children = (
				D4DF601D2547AEF200765C0A /* IssueTracker.app */,
				4C51397C254934760084F65F /* NetworkService.framework */,
				D45459DA254B2AA50094E69D /* IssueTrackerTests.xctest */,
			);
			name = Products;
			sourceTree = "<group>";
		};
		D4DF601F2547AEF200765C0A /* IssueTracker */ = {
			isa = PBXGroup;
			children = (
				4C513917254840480084F65F /* Utils */,
				D4DF60372547AF7500765C0A /* Supporting Files */,
				D4DF60352547AF5B00765C0A /* Entry */,
				4C51399C254934D20084F65F /* Services */,
				D4DF60382547AF9300765C0A /* Models */,
				4C5139A825494E700084F65F /* Usecase */,
				D4DF603A2547AFA800765C0A /* ViewControllers */,
				D4DF60392547AF9700765C0A /* Views */,
			);
			path = IssueTracker;
			sourceTree = "<group>";
		};
		D4DF60352547AF5B00765C0A /* Entry */ = {
			isa = PBXGroup;
			children = (
				D4DF60202547AEF200765C0A /* AppDelegate.swift */,
				D4DF60222547AEF200765C0A /* SceneDelegate.swift */,
				D4DF602B2547AEF300765C0A /* LaunchScreen.storyboard */,
			);
			path = Entry;
			sourceTree = "<group>";
		};
		D4DF60372547AF7500765C0A /* Supporting Files */ = {
			isa = PBXGroup;
			children = (
				D4DF60292547AEF300765C0A /* Assets.xcassets */,
				D4DF602E2547AEF300765C0A /* Info.plist */,
			);
			path = "Supporting Files";
			sourceTree = "<group>";
		};
		D4DF60382547AF9300765C0A /* Models */ = {
			isa = PBXGroup;
			children = (
				4C5139A525493BB20084F65F /* Label.swift */,
				D4EA0AA5254AB93C0000CF67 /* Milestone.swift */,
				D44A9D08254FF1EC00ABA1A9 /* Issue.swift */,
			);
			path = Models;
			sourceTree = "<group>";
		};
		D4DF60392547AF9700765C0A /* Views */ = {
			isa = PBXGroup;
			children = (
				D4DF60262547AEF200765C0A /* Main.storyboard */,
				D4DF604C254800C100765C0A /* AddAlertInputView.swift */,
				D4EA0A9F254A9AEC0000CF67 /* AddAlertDateInputView.swift */,
				D42EC19C2549CEA600E57627 /* AddAlertColorInputView.swift */,
				D4660EA525487BE0002B392E /* LabelCollectionViewCell.swift */,
				4C51391C254847530084F65F /* BlockResponderView.swift */,
				D42EC1932549306500E57627 /* MilestoneCollectionViewCell.swift */,
			);
			path = Views;
			sourceTree = "<group>";
		};
		D4DF603A2547AFA800765C0A /* ViewControllers */ = {
			isa = PBXGroup;
			children = (
				D4DF60242547AEF200765C0A /* IssueViewController.swift */,
				4C5138FF2547CA5A0084F65F /* LabelViewController.swift */,
				4C5139112548047A0084F65F /* AddAlertViewController.swift */,
				D42EC1902549180A00E57627 /* MilestoneViewController.swift */,
				D40B30F9255049F200DEC3AA /* IssueBottomSheetViewController.swift */,
			);
			path = ViewControllers;
			sourceTree = "<group>";
		};
/* End PBXGroup section */

/* Begin PBXHeadersBuildPhase section */
		4C513977254934760084F65F /* Headers */ = {
			isa = PBXHeadersBuildPhase;
			buildActionMask = 2147483647;
			files = (
				4C513980254934760084F65F /* NetworkService.h in Headers */,
			);
			runOnlyForDeploymentPostprocessing = 0;
		};
/* End PBXHeadersBuildPhase section */

/* Begin PBXNativeTarget section */
		4C51397B254934760084F65F /* NetworkService */ = {
			isa = PBXNativeTarget;
			buildConfigurationList = 4C513988254934760084F65F /* Build configuration list for PBXNativeTarget "NetworkService" */;
			buildPhases = (
				4C513977254934760084F65F /* Headers */,
				4C513978254934760084F65F /* Sources */,
				4C513979254934760084F65F /* Frameworks */,
				4C51397A254934760084F65F /* Resources */,
			);
			buildRules = (
			);
			dependencies = (
			);
			name = NetworkService;
			productName = NetworkService;
			productReference = 4C51397C254934760084F65F /* NetworkService.framework */;
			productType = "com.apple.product-type.framework";
		};
		D45459D9254B2AA50094E69D /* IssueTrackerTests */ = {
			isa = PBXNativeTarget;
			buildConfigurationList = D45459E3254B2AA50094E69D /* Build configuration list for PBXNativeTarget "IssueTrackerTests" */;
			buildPhases = (
				D45459D6254B2AA50094E69D /* Sources */,
				D45459D7254B2AA50094E69D /* Frameworks */,
				D45459D8254B2AA50094E69D /* Resources */,
			);
			buildRules = (
			);
			dependencies = (
				D45459E0254B2AA50094E69D /* PBXTargetDependency */,
			);
			name = IssueTrackerTests;
			productName = IssueTrackerTests;
			productReference = D45459DA254B2AA50094E69D /* IssueTrackerTests.xctest */;
			productType = "com.apple.product-type.bundle.unit-test";
		};
		D4DF601C2547AEF200765C0A /* IssueTracker */ = {
			isa = PBXNativeTarget;
			buildConfigurationList = D4DF60312547AEF300765C0A /* Build configuration list for PBXNativeTarget "IssueTracker" */;
			buildPhases = (
				D4DF60192547AEF200765C0A /* Sources */,
				D4DF601A2547AEF200765C0A /* Frameworks */,
				D4DF601B2547AEF200765C0A /* Resources */,
				4C513985254934760084F65F /* Embed Frameworks */,
			);
			buildRules = (
			);
			dependencies = (
				4C513982254934760084F65F /* PBXTargetDependency */,
			);
			name = IssueTracker;
			productName = IssueTracker;
			productReference = D4DF601D2547AEF200765C0A /* IssueTracker.app */;
			productType = "com.apple.product-type.application";
		};
/* End PBXNativeTarget section */

/* Begin PBXProject section */
		D4DF60152547AEF200765C0A /* Project object */ = {
			isa = PBXProject;
			attributes = {
				LastSwiftUpdateCheck = 1210;
				LastUpgradeCheck = 1210;
				TargetAttributes = {
					4C51397B254934760084F65F = {
						CreatedOnToolsVersion = 12.0.1;
					};
					D45459D9254B2AA50094E69D = {
						CreatedOnToolsVersion = 12.1;
						TestTargetID = D4DF601C2547AEF200765C0A;
					};
					D4DF601C2547AEF200765C0A = {
						CreatedOnToolsVersion = 12.1;
					};
				};
			};
			buildConfigurationList = D4DF60182547AEF200765C0A /* Build configuration list for PBXProject "IssueTracker" */;
			compatibilityVersion = "Xcode 9.3";
			developmentRegion = en;
			hasScannedForEncodings = 0;
			knownRegions = (
				en,
				Base,
			);
			mainGroup = D4DF60142547AEF200765C0A;
			productRefGroup = D4DF601E2547AEF200765C0A /* Products */;
			projectDirPath = "";
			projectRoot = "";
			targets = (
				D4DF601C2547AEF200765C0A /* IssueTracker */,
				4C51397B254934760084F65F /* NetworkService */,
				D45459D9254B2AA50094E69D /* IssueTrackerTests */,
			);
		};
/* End PBXProject section */

/* Begin PBXResourcesBuildPhase section */
		4C51397A254934760084F65F /* Resources */ = {
			isa = PBXResourcesBuildPhase;
			buildActionMask = 2147483647;
			files = (
			);
			runOnlyForDeploymentPostprocessing = 0;
		};
		D45459D8254B2AA50094E69D /* Resources */ = {
			isa = PBXResourcesBuildPhase;
			buildActionMask = 2147483647;
			files = (
			);
			runOnlyForDeploymentPostprocessing = 0;
		};
		D4DF601B2547AEF200765C0A /* Resources */ = {
			isa = PBXResourcesBuildPhase;
			buildActionMask = 2147483647;
			files = (
				D4DF602D2547AEF300765C0A /* LaunchScreen.storyboard in Resources */,
				D4DF602A2547AEF300765C0A /* Assets.xcassets in Resources */,
				D4DF60282547AEF200765C0A /* Main.storyboard in Resources */,
			);
			runOnlyForDeploymentPostprocessing = 0;
		};
/* End PBXResourcesBuildPhase section */

/* Begin PBXSourcesBuildPhase section */
		4C513978254934760084F65F /* Sources */ = {
			isa = PBXSourcesBuildPhase;
			buildActionMask = 2147483647;
			files = (
				4CBA2191254FEB70002BDCC3 /* DataRequest.swift in Sources */,
				4C5139962549348B0084F65F /* HTTPTask.swift in Sources */,
				4CBA2190254FEB70002BDCC3 /* Request.swift in Sources */,
				4CBA2192254FEB70002BDCC3 /* DownloadRequest.swift in Sources */,
				4C5139942549348B0084F65F /* ParameterEncoding.swift in Sources */,
				4C5139982549348B0084F65F /* HTTPMethod.swift in Sources */,
				4C5139972549348B0084F65F /* NetworkManager.swift in Sources */,
				D476EB0E254B298E00CB4C09 /* DownloadRequest.swift in Sources */,
				4C5139932549348B0084F65F /* URLParametrEncoder.swift in Sources */,
				4C5139952549348B0084F65F /* JSONParameterEncoder.swift in Sources */,
				4C5139992549348B0084F65F /* EndPointType.swift in Sources */,
				D476EB0C254B298E00CB4C09 /* Request.swift in Sources */,
				D476EB0D254B298E00CB4C09 /* SessionManager.swift in Sources */,
				D476EB0B254B298E00CB4C09 /* DataRequest.swift in Sources */,
			);
			runOnlyForDeploymentPostprocessing = 0;
		};
		D45459D6254B2AA50094E69D /* Sources */ = {
			isa = PBXSourcesBuildPhase;
			buildActionMask = 2147483647;
			files = (
				D45459F0254B2B360094E69D /* IssueTrackerTests.swift in Sources */,
			);
			runOnlyForDeploymentPostprocessing = 0;
		};
		D4DF60192547AEF200765C0A /* Sources */ = {
			isa = PBXSourcesBuildPhase;
			buildActionMask = 2147483647;
			files = (
				D4DF60252547AEF200765C0A /* IssueViewController.swift in Sources */,
				D40B30E62550100800DEC3AA /* IssueEndPoint.swift in Sources */,
				D44A9D09254FF1EC00ABA1A9 /* Issue.swift in Sources */,
				D40B30FA255049F200DEC3AA /* IssueBottomSheetViewController.swift in Sources */,
				4C5139A1254934D20084F65F /* MilestoneEndPoint.swift in Sources */,
				4CBA2198254FF0F8002BDCC3 /* MilestoneInteractor.swift in Sources */,
				D4660EA625487BE0002B392E /* LabelCollectionViewCell.swift in Sources */,
				D4DF60212547AEF200765C0A /* AppDelegate.swift in Sources */,
				D4DF60232547AEF200765C0A /* SceneDelegate.swift in Sources */,
				4C5139002547CA5A0084F65F /* LabelViewController.swift in Sources */,
				4C5139AA25494E7E0084F65F /* LabelInteractor.swift in Sources */,
				D4EA0AA0254A9AEC0000CF67 /* AddAlertDateInputView.swift in Sources */,
				D4DF604D254800C100765C0A /* AddAlertInputView.swift in Sources */,
				4C5139A2254934D20084F65F /* LabelEndPoint.swift in Sources */,
				D40B30E225500FD400DEC3AA /* IssueInteractor.swift in Sources */,
				4C51391D254847530084F65F /* BlockResponderView.swift in Sources */,
				D42EC19D2549CEA600E57627 /* AddAlertColorInputView.swift in Sources */,
				4C5139A3254934D20084F65F /* APIManager.swift in Sources */,
				4C513919254840570084F65F /* UIView+IBInspectable.swift in Sources */,
				4C5139122548047A0084F65F /* AddAlertViewController.swift in Sources */,
				4C5139A625493BB20084F65F /* Label.swift in Sources */,
				D42EC1942549306500E57627 /* MilestoneCollectionViewCell.swift in Sources */,
				D4A060A82548877600FAF62B /* UIColor+hexString+random.swift in Sources */,
				D476EB04254B28AC00CB4C09 /* String+dateRegEx.swift in Sources */,
				D4EA0AA6254AB93C0000CF67 /* Milestone.swift in Sources */,
				D42EC1912549180A00E57627 /* MilestoneViewController.swift in Sources */,
			);
			runOnlyForDeploymentPostprocessing = 0;
		};
/* End PBXSourcesBuildPhase section */

/* Begin PBXTargetDependency section */
		4C513982254934760084F65F /* PBXTargetDependency */ = {
			isa = PBXTargetDependency;
			target = 4C51397B254934760084F65F /* NetworkService */;
			targetProxy = 4C513981254934760084F65F /* PBXContainerItemProxy */;
		};
		D45459E0254B2AA50094E69D /* PBXTargetDependency */ = {
			isa = PBXTargetDependency;
			target = D4DF601C2547AEF200765C0A /* IssueTracker */;
			targetProxy = D45459DF254B2AA50094E69D /* PBXContainerItemProxy */;
		};
/* End PBXTargetDependency section */

/* Begin PBXVariantGroup section */
		D4DF60262547AEF200765C0A /* Main.storyboard */ = {
			isa = PBXVariantGroup;
			children = (
				D4DF60272547AEF200765C0A /* Base */,
			);
			name = Main.storyboard;
			sourceTree = "<group>";
		};
		D4DF602B2547AEF300765C0A /* LaunchScreen.storyboard */ = {
			isa = PBXVariantGroup;
			children = (
				D4DF602C2547AEF300765C0A /* Base */,
			);
			name = LaunchScreen.storyboard;
			sourceTree = "<group>";
		};
/* End PBXVariantGroup section */

/* Begin XCBuildConfiguration section */
		4C513986254934760084F65F /* Debug */ = {
			isa = XCBuildConfiguration;
			buildSettings = {
				CODE_SIGN_STYLE = Automatic;
				CURRENT_PROJECT_VERSION = 1;
				DEFINES_MODULE = YES;
				DYLIB_COMPATIBILITY_VERSION = 1;
				DYLIB_CURRENT_VERSION = 1;
				DYLIB_INSTALL_NAME_BASE = "@rpath";
				INFOPLIST_FILE = NetworkService/Info.plist;
				INSTALL_PATH = "$(LOCAL_LIBRARY_DIR)/Frameworks";
				LD_RUNPATH_SEARCH_PATHS = (
					"$(inherited)",
					"@executable_path/Frameworks",
					"@loader_path/Frameworks",
				);
				PRODUCT_BUNDLE_IDENTIFIER = com.woong.NetworkService;
				PRODUCT_NAME = "$(TARGET_NAME:c99extidentifier)";
				SKIP_INSTALL = YES;
				SWIFT_VERSION = 5.0;
				TARGETED_DEVICE_FAMILY = "1,2";
				VERSIONING_SYSTEM = "apple-generic";
				VERSION_INFO_PREFIX = "";
			};
			name = Debug;
		};
		4C513987254934760084F65F /* Release */ = {
			isa = XCBuildConfiguration;
			buildSettings = {
				CODE_SIGN_STYLE = Automatic;
				CURRENT_PROJECT_VERSION = 1;
				DEFINES_MODULE = YES;
				DYLIB_COMPATIBILITY_VERSION = 1;
				DYLIB_CURRENT_VERSION = 1;
				DYLIB_INSTALL_NAME_BASE = "@rpath";
				INFOPLIST_FILE = NetworkService/Info.plist;
				INSTALL_PATH = "$(LOCAL_LIBRARY_DIR)/Frameworks";
				LD_RUNPATH_SEARCH_PATHS = (
					"$(inherited)",
					"@executable_path/Frameworks",
					"@loader_path/Frameworks",
				);
				PRODUCT_BUNDLE_IDENTIFIER = com.woong.NetworkService;
				PRODUCT_NAME = "$(TARGET_NAME:c99extidentifier)";
				SKIP_INSTALL = YES;
				SWIFT_VERSION = 5.0;
				TARGETED_DEVICE_FAMILY = "1,2";
				VERSIONING_SYSTEM = "apple-generic";
				VERSION_INFO_PREFIX = "";
			};
			name = Release;
		};
		D45459E1254B2AA50094E69D /* Debug */ = {
			isa = XCBuildConfiguration;
			buildSettings = {
				BUNDLE_LOADER = "$(TEST_HOST)";
				CODE_SIGN_STYLE = Automatic;
				INFOPLIST_FILE = IssueTrackerTests/Info.plist;
				IPHONEOS_DEPLOYMENT_TARGET = 14.1;
				LD_RUNPATH_SEARCH_PATHS = (
					"$(inherited)",
					"@executable_path/Frameworks",
					"@loader_path/Frameworks",
				);
				PRODUCT_BUNDLE_IDENTIFIER = "kr.boostcamp-group16.IssueTrackerTests";
				PRODUCT_NAME = "$(TARGET_NAME)";
				SWIFT_VERSION = 5.0;
				TARGETED_DEVICE_FAMILY = "1,2";
				TEST_HOST = "$(BUILT_PRODUCTS_DIR)/IssueTracker.app/IssueTracker";
			};
			name = Debug;
		};
		D45459E2254B2AA50094E69D /* Release */ = {
			isa = XCBuildConfiguration;
			buildSettings = {
				BUNDLE_LOADER = "$(TEST_HOST)";
				CODE_SIGN_STYLE = Automatic;
				INFOPLIST_FILE = IssueTrackerTests/Info.plist;
				IPHONEOS_DEPLOYMENT_TARGET = 14.1;
				LD_RUNPATH_SEARCH_PATHS = (
					"$(inherited)",
					"@executable_path/Frameworks",
					"@loader_path/Frameworks",
				);
				PRODUCT_BUNDLE_IDENTIFIER = "kr.boostcamp-group16.IssueTrackerTests";
				PRODUCT_NAME = "$(TARGET_NAME)";
				SWIFT_VERSION = 5.0;
				TARGETED_DEVICE_FAMILY = "1,2";
				TEST_HOST = "$(BUILT_PRODUCTS_DIR)/IssueTracker.app/IssueTracker";
			};
			name = Release;
		};
		D4DF602F2547AEF300765C0A /* Debug */ = {
			isa = XCBuildConfiguration;
			buildSettings = {
				ALWAYS_SEARCH_USER_PATHS = NO;
				CLANG_ANALYZER_NONNULL = YES;
				CLANG_ANALYZER_NUMBER_OBJECT_CONVERSION = YES_AGGRESSIVE;
				CLANG_CXX_LANGUAGE_STANDARD = "gnu++14";
				CLANG_CXX_LIBRARY = "libc++";
				CLANG_ENABLE_MODULES = YES;
				CLANG_ENABLE_OBJC_ARC = YES;
				CLANG_ENABLE_OBJC_WEAK = YES;
				CLANG_WARN_BLOCK_CAPTURE_AUTORELEASING = YES;
				CLANG_WARN_BOOL_CONVERSION = YES;
				CLANG_WARN_COMMA = YES;
				CLANG_WARN_CONSTANT_CONVERSION = YES;
				CLANG_WARN_DEPRECATED_OBJC_IMPLEMENTATIONS = YES;
				CLANG_WARN_DIRECT_OBJC_ISA_USAGE = YES_ERROR;
				CLANG_WARN_DOCUMENTATION_COMMENTS = YES;
				CLANG_WARN_EMPTY_BODY = YES;
				CLANG_WARN_ENUM_CONVERSION = YES;
				CLANG_WARN_INFINITE_RECURSION = YES;
				CLANG_WARN_INT_CONVERSION = YES;
				CLANG_WARN_NON_LITERAL_NULL_CONVERSION = YES;
				CLANG_WARN_OBJC_IMPLICIT_RETAIN_SELF = YES;
				CLANG_WARN_OBJC_LITERAL_CONVERSION = YES;
				CLANG_WARN_OBJC_ROOT_CLASS = YES_ERROR;
				CLANG_WARN_QUOTED_INCLUDE_IN_FRAMEWORK_HEADER = YES;
				CLANG_WARN_RANGE_LOOP_ANALYSIS = YES;
				CLANG_WARN_STRICT_PROTOTYPES = YES;
				CLANG_WARN_SUSPICIOUS_MOVE = YES;
				CLANG_WARN_UNGUARDED_AVAILABILITY = YES_AGGRESSIVE;
				CLANG_WARN_UNREACHABLE_CODE = YES;
				CLANG_WARN__DUPLICATE_METHOD_MATCH = YES;
				COPY_PHASE_STRIP = NO;
				DEBUG_INFORMATION_FORMAT = dwarf;
				ENABLE_STRICT_OBJC_MSGSEND = YES;
				ENABLE_TESTABILITY = YES;
				GCC_C_LANGUAGE_STANDARD = gnu11;
				GCC_DYNAMIC_NO_PIC = NO;
				GCC_NO_COMMON_BLOCKS = YES;
				GCC_OPTIMIZATION_LEVEL = 0;
				GCC_PREPROCESSOR_DEFINITIONS = (
					"DEBUG=1",
					"$(inherited)",
				);
				GCC_WARN_64_TO_32_BIT_CONVERSION = YES;
				GCC_WARN_ABOUT_RETURN_TYPE = YES_ERROR;
				GCC_WARN_UNDECLARED_SELECTOR = YES;
				GCC_WARN_UNINITIALIZED_AUTOS = YES_AGGRESSIVE;
				GCC_WARN_UNUSED_FUNCTION = YES;
				GCC_WARN_UNUSED_VARIABLE = YES;
				IPHONEOS_DEPLOYMENT_TARGET = 14.0;
				MTL_ENABLE_DEBUG_INFO = INCLUDE_SOURCE;
				MTL_FAST_MATH = YES;
				ONLY_ACTIVE_ARCH = YES;
				SDKROOT = iphoneos;
				SWIFT_ACTIVE_COMPILATION_CONDITIONS = DEBUG;
				SWIFT_OPTIMIZATION_LEVEL = "-Onone";
			};
			name = Debug;
		};
		D4DF60302547AEF300765C0A /* Release */ = {
			isa = XCBuildConfiguration;
			buildSettings = {
				ALWAYS_SEARCH_USER_PATHS = NO;
				CLANG_ANALYZER_NONNULL = YES;
				CLANG_ANALYZER_NUMBER_OBJECT_CONVERSION = YES_AGGRESSIVE;
				CLANG_CXX_LANGUAGE_STANDARD = "gnu++14";
				CLANG_CXX_LIBRARY = "libc++";
				CLANG_ENABLE_MODULES = YES;
				CLANG_ENABLE_OBJC_ARC = YES;
				CLANG_ENABLE_OBJC_WEAK = YES;
				CLANG_WARN_BLOCK_CAPTURE_AUTORELEASING = YES;
				CLANG_WARN_BOOL_CONVERSION = YES;
				CLANG_WARN_COMMA = YES;
				CLANG_WARN_CONSTANT_CONVERSION = YES;
				CLANG_WARN_DEPRECATED_OBJC_IMPLEMENTATIONS = YES;
				CLANG_WARN_DIRECT_OBJC_ISA_USAGE = YES_ERROR;
				CLANG_WARN_DOCUMENTATION_COMMENTS = YES;
				CLANG_WARN_EMPTY_BODY = YES;
				CLANG_WARN_ENUM_CONVERSION = YES;
				CLANG_WARN_INFINITE_RECURSION = YES;
				CLANG_WARN_INT_CONVERSION = YES;
				CLANG_WARN_NON_LITERAL_NULL_CONVERSION = YES;
				CLANG_WARN_OBJC_IMPLICIT_RETAIN_SELF = YES;
				CLANG_WARN_OBJC_LITERAL_CONVERSION = YES;
				CLANG_WARN_OBJC_ROOT_CLASS = YES_ERROR;
				CLANG_WARN_QUOTED_INCLUDE_IN_FRAMEWORK_HEADER = YES;
				CLANG_WARN_RANGE_LOOP_ANALYSIS = YES;
				CLANG_WARN_STRICT_PROTOTYPES = YES;
				CLANG_WARN_SUSPICIOUS_MOVE = YES;
				CLANG_WARN_UNGUARDED_AVAILABILITY = YES_AGGRESSIVE;
				CLANG_WARN_UNREACHABLE_CODE = YES;
				CLANG_WARN__DUPLICATE_METHOD_MATCH = YES;
				COPY_PHASE_STRIP = NO;
				DEBUG_INFORMATION_FORMAT = "dwarf-with-dsym";
				ENABLE_NS_ASSERTIONS = NO;
				ENABLE_STRICT_OBJC_MSGSEND = YES;
				GCC_C_LANGUAGE_STANDARD = gnu11;
				GCC_NO_COMMON_BLOCKS = YES;
				GCC_WARN_64_TO_32_BIT_CONVERSION = YES;
				GCC_WARN_ABOUT_RETURN_TYPE = YES_ERROR;
				GCC_WARN_UNDECLARED_SELECTOR = YES;
				GCC_WARN_UNINITIALIZED_AUTOS = YES_AGGRESSIVE;
				GCC_WARN_UNUSED_FUNCTION = YES;
				GCC_WARN_UNUSED_VARIABLE = YES;
				IPHONEOS_DEPLOYMENT_TARGET = 14.0;
				MTL_ENABLE_DEBUG_INFO = NO;
				MTL_FAST_MATH = YES;
				SDKROOT = iphoneos;
				SWIFT_COMPILATION_MODE = wholemodule;
				SWIFT_OPTIMIZATION_LEVEL = "-O";
				VALIDATE_PRODUCT = YES;
			};
			name = Release;
		};
		D4DF60322547AEF300765C0A /* Debug */ = {
			isa = XCBuildConfiguration;
			buildSettings = {
				ALWAYS_EMBED_SWIFT_STANDARD_LIBRARIES = YES;
				ASSETCATALOG_COMPILER_APPICON_NAME = AppIcon;
				ASSETCATALOG_COMPILER_GLOBAL_ACCENT_COLOR_NAME = AccentColor;
				CODE_SIGN_STYLE = Automatic;
				INFOPLIST_FILE = "IssueTracker/Supporting Files/Info.plist";
				LD_RUNPATH_SEARCH_PATHS = (
					"$(inherited)",
					"@executable_path/Frameworks",
				);
				PRODUCT_BUNDLE_IDENTIFIER = "kr.boostcamp-group16.IssueTracker";
				PRODUCT_NAME = "$(TARGET_NAME)";
				SWIFT_VERSION = 5.0;
				TARGETED_DEVICE_FAMILY = "1,2";
			};
			name = Debug;
		};
		D4DF60332547AEF300765C0A /* Release */ = {
			isa = XCBuildConfiguration;
			buildSettings = {
				ALWAYS_EMBED_SWIFT_STANDARD_LIBRARIES = YES;
				ASSETCATALOG_COMPILER_APPICON_NAME = AppIcon;
				ASSETCATALOG_COMPILER_GLOBAL_ACCENT_COLOR_NAME = AccentColor;
				CODE_SIGN_STYLE = Automatic;
				INFOPLIST_FILE = "IssueTracker/Supporting Files/Info.plist";
				LD_RUNPATH_SEARCH_PATHS = (
					"$(inherited)",
					"@executable_path/Frameworks",
				);
				PRODUCT_BUNDLE_IDENTIFIER = "kr.boostcamp-group16.IssueTracker";
				PRODUCT_NAME = "$(TARGET_NAME)";
				SWIFT_VERSION = 5.0;
				TARGETED_DEVICE_FAMILY = "1,2";
			};
			name = Release;
		};
/* End XCBuildConfiguration section */

/* Begin XCConfigurationList section */
		4C513988254934760084F65F /* Build configuration list for PBXNativeTarget "NetworkService" */ = {
			isa = XCConfigurationList;
			buildConfigurations = (
				4C513986254934760084F65F /* Debug */,
				4C513987254934760084F65F /* Release */,
			);
			defaultConfigurationIsVisible = 0;
			defaultConfigurationName = Release;
		};
		D45459E3254B2AA50094E69D /* Build configuration list for PBXNativeTarget "IssueTrackerTests" */ = {
			isa = XCConfigurationList;
			buildConfigurations = (
				D45459E1254B2AA50094E69D /* Debug */,
				D45459E2254B2AA50094E69D /* Release */,
			);
			defaultConfigurationIsVisible = 0;
			defaultConfigurationName = Release;
		};
		D4DF60182547AEF200765C0A /* Build configuration list for PBXProject "IssueTracker" */ = {
			isa = XCConfigurationList;
			buildConfigurations = (
				D4DF602F2547AEF300765C0A /* Debug */,
				D4DF60302547AEF300765C0A /* Release */,
			);
			defaultConfigurationIsVisible = 0;
			defaultConfigurationName = Release;
		};
		D4DF60312547AEF300765C0A /* Build configuration list for PBXNativeTarget "IssueTracker" */ = {
			isa = XCConfigurationList;
			buildConfigurations = (
				D4DF60322547AEF300765C0A /* Debug */,
				D4DF60332547AEF300765C0A /* Release */,
			);
			defaultConfigurationIsVisible = 0;
			defaultConfigurationName = Release;
		};
/* End XCConfigurationList section */
	};
	rootObject = D4DF60152547AEF200765C0A /* Project object */;
}
